// !$*UTF8*$!
{
	archiveVersion = 1;
	classes = {
	};
	objectVersion = 46;
	objects = {

/* Begin PBXBuildFile section */
		307694A11C0CF4AF00F69CAB /* main.m in Sources */ = {isa = PBXBuildFile; fileRef = 307694A01C0CF4AF00F69CAB /* main.m */; };
		307694A41C0CF4AF00F69CAB /* AppDelegate.m in Sources */ = {isa = PBXBuildFile; fileRef = 307694A31C0CF4AF00F69CAB /* AppDelegate.m */; };
		307694A71C0CF4AF00F69CAB /* ViewController.m in Sources */ = {isa = PBXBuildFile; fileRef = 307694A61C0CF4AF00F69CAB /* ViewController.m */; };
		307694AA1C0CF4AF00F69CAB /* Main.storyboard in Resources */ = {isa = PBXBuildFile; fileRef = 307694A81C0CF4AF00F69CAB /* Main.storyboard */; };
		307694AD1C0CF4AF00F69CAB /* GetaRoom.xcdatamodeld in Sources */ = {isa = PBXBuildFile; fileRef = 307694AB1C0CF4AF00F69CAB /* GetaRoom.xcdatamodeld */; };
		307694AF1C0CF4AF00F69CAB /* Assets.xcassets in Resources */ = {isa = PBXBuildFile; fileRef = 307694AE1C0CF4AF00F69CAB /* Assets.xcassets */; };
		307694B21C0CF4AF00F69CAB /* LaunchScreen.storyboard in Resources */ = {isa = PBXBuildFile; fileRef = 307694B01C0CF4AF00F69CAB /* LaunchScreen.storyboard */; };
/* End PBXBuildFile section */

/* Begin PBXFileReference section */
		3076949C1C0CF4AF00F69CAB /* GetaRoom.app */ = {isa = PBXFileReference; explicitFileType = wrapper.application; includeInIndex = 0; path = GetaRoom.app; sourceTree = BUILT_PRODUCTS_DIR; };
		307694A01C0CF4AF00F69CAB /* main.m */ = {isa = PBXFileReference; lastKnownFileType = sourcecode.c.objc; path = main.m; sourceTree = "<group>"; };
		307694A21C0CF4AF00F69CAB /* AppDelegate.h */ = {isa = PBXFileReference; lastKnownFileType = sourcecode.c.h; path = AppDelegate.h; sourceTree = "<group>"; };
		307694A31C0CF4AF00F69CAB /* AppDelegate.m */ = {isa = PBXFileReference; lastKnownFileType = sourcecode.c.objc; path = AppDelegate.m; sourceTree = "<group>"; };
		307694A51C0CF4AF00F69CAB /* ViewController.h */ = {isa = PBXFileReference; lastKnownFileType = sourcecode.c.h; path = ViewController.h; sourceTree = "<group>"; };
		307694A61C0CF4AF00F69CAB /* ViewController.m */ = {isa = PBXFileReference; lastKnownFileType = sourcecode.c.objc; path = ViewController.m; sourceTree = "<group>"; };
		307694A91C0CF4AF00F69CAB /* Base */ = {isa = PBXFileReference; lastKnownFileType = file.storyboard; name = Base; path = Base.lproj/Main.storyboard; sourceTree = "<group>"; };
		307694AC1C0CF4AF00F69CAB /* GetaRoom.xcdatamodel */ = {isa = PBXFileReference; lastKnownFileType = wrapper.xcdatamodel; path = GetaRoom.xcdatamodel; sourceTree = "<group>"; };
		307694AE1C0CF4AF00F69CAB /* Assets.xcassets */ = {isa = PBXFileReference; lastKnownFileType = folder.assetcatalog; path = Assets.xcassets; sourceTree = "<group>"; };
		307694B11C0CF4AF00F69CAB /* Base */ = {isa = PBXFileReference; lastKnownFileType = file.storyboard; name = Base; path = Base.lproj/LaunchScreen.storyboard; sourceTree = "<group>"; };
		307694B31C0CF4AF00F69CAB /* Info.plist */ = {isa = PBXFileReference; lastKnownFileType = text.plist.xml; path = Info.plist; sourceTree = "<group>"; };
/* End PBXFileReference section */

/* Begin PBXFrameworksBuildPhase section */
		307694991C0CF4AF00F69CAB /* Frameworks */ = {
			isa = PBXFrameworksBuildPhase;
			buildActionMask = 2147483647;
			files = (
			);
			runOnlyForDeploymentPostprocessing = 0;
		};
/* End PBXFrameworksBuildPhase section */

/* Begin PBXGroup section */
		307694931C0CF4AF00F69CAB = {
			isa = PBXGroup;
			children = (
				3076949E1C0CF4AF00F69CAB /* GetaRoom */,
				3076949D1C0CF4AF00F69CAB /* Products */,
			);
			sourceTree = "<group>";
		};
		3076949D1C0CF4AF00F69CAB /* Products */ = {
			isa = PBXGroup;
			children = (
				3076949C1C0CF4AF00F69CAB /* GetaRoom.app */,
			);
			name = Products;
			sourceTree = "<group>";
		};
		3076949E1C0CF4AF00F69CAB /* GetaRoom */ = {
			isa = PBXGroup;
			children = (
				307694A21C0CF4AF00F69CAB /* AppDelegate.h */,
				307694A31C0CF4AF00F69CAB /* AppDelegate.m */,
				307694A51C0CF4AF00F69CAB /* ViewController.h */,
				307694A61C0CF4AF00F69CAB /* ViewController.m */,
				307694A81C0CF4AF00F69CAB /* Main.storyboard */,
				307694AE1C0CF4AF00F69CAB /* Assets.xcassets */,
				307694B01C0CF4AF00F69CAB /* LaunchScreen.storyboard */,
				307694B31C0CF4AF00F69CAB /* Info.plist */,
				307694AB1C0CF4AF00F69CAB /* GetaRoom.xcdatamodeld */,
				3076949F1C0CF4AF00F69CAB /* Supporting Files */,
			);
			path = GetaRoom;
			sourceTree = "<group>";
		};
		3076949F1C0CF4AF00F69CAB /* Supporting Files */ = {
			isa = PBXGroup;
			children = (
				307694A01C0CF4AF00F69CAB /* main.m */,
			);
			name = "Supporting Files";
			sourceTree = "<group>";
		};
/* End PBXGroup section */

/* Begin PBXNativeTarget section */
		3076949B1C0CF4AF00F69CAB /* GetaRoom */ = {
			isa = PBXNativeTarget;
			buildConfigurationList = 307694B61C0CF4AF00F69CAB /* Build configuration list for PBXNativeTarget "GetaRoom" */;
			buildPhases = (
				307694981C0CF4AF00F69CAB /* Sources */,
				307694991C0CF4AF00F69CAB /* Frameworks */,
				3076949A1C0CF4AF00F69CAB /* Resources */,
			);
			buildRules = (
			);
			dependencies = (
			);
			name = GetaRoom;
			productName = GetaRoom;
			productReference = 3076949C1C0CF4AF00F69CAB /* GetaRoom.app */;
			productType = "com.apple.product-type.application";
		};
/* End PBXNativeTarget section */

/* Begin PBXProject section */
		307694941C0CF4AF00F69CAB /* Project object */ = {
			isa = PBXProject;
			attributes = {
				LastUpgradeCheck = 0710;
				ORGANIZATIONNAME = "Roman Salazar Lopez";
				TargetAttributes = {
					3076949B1C0CF4AF00F69CAB = {
						CreatedOnToolsVersion = 7.1.1;
						DevelopmentTeam = C8LRG9WET8;
					};
				};
			};
			buildConfigurationList = 307694971C0CF4AF00F69CAB /* Build configuration list for PBXProject "GetaRoom" */;
			compatibilityVersion = "Xcode 3.2";
			developmentRegion = English;
			hasScannedForEncodings = 0;
			knownRegions = (
				en,
				Base,
			);
			mainGroup = 307694931C0CF4AF00F69CAB;
			productRefGroup = 3076949D1C0CF4AF00F69CAB /* Products */;
			projectDirPath = "";
			projectRoot = "";
			targets = (
				3076949B1C0CF4AF00F69CAB /* GetaRoom */,
			);
		};
/* End PBXProject section */

/* Begin PBXResourcesBuildPhase section */
		3076949A1C0CF4AF00F69CAB /* Resources */ = {
			isa = PBXResourcesBuildPhase;
			buildActionMask = 2147483647;
			files = (
				307694B21C0CF4AF00F69CAB /* LaunchScreen.storyboard in Resources */,
				307694AF1C0CF4AF00F69CAB /* Assets.xcassets in Resources */,
				307694AA1C0CF4AF00F69CAB /* Main.storyboard in Resources */,
			);
			runOnlyForDeploymentPostprocessing = 0;
		};
/* End PBXResourcesBuildPhase section */

/* Begin PBXSourcesBuildPhase section */
		307694981C0CF4AF00F69CAB /* Sources */ = {
			isa = PBXSourcesBuildPhase;
			buildActionMask = 2147483647;
			files = (
				307694A71C0CF4AF00F69CAB /* ViewController.m in Sources */,
				307694A41C0CF4AF00F69CAB /* AppDelegate.m in Sources */,
				307694A11C0CF4AF00F69CAB /* main.m in Sources */,
				307694AD1C0CF4AF00F69CAB /* GetaRoom.xcdatamodeld in Sources */,
			);
			runOnlyForDeploymentPostprocessing = 0;
		};
/* End PBXSourcesBuildPhase section */

/* Begin PBXVariantGroup section */
		307694A81C0CF4AF00F69CAB /* Main.storyboard */ = {
			isa = PBXVariantGroup;
			children = (
				307694A91C0CF4AF00F69CAB /* Base */,
			);
			name = Main.storyboard;
			sourceTree = "<group>";
		};
		307694B01C0CF4AF00F69CAB /* LaunchScreen.storyboard */ = {
			isa = PBXVariantGroup;
			children = (
				307694B11C0CF4AF00F69CAB /* Base */,
			);
			name = LaunchScreen.storyboard;
			sourceTree = "<group>";
		};
/* End PBXVariantGroup section */

/* Begin XCBuildConfiguration section */
		307694B41C0CF4AF00F69CAB /* Debug */ = {
			isa = XCBuildConfiguration;
			buildSettings = {
				ALWAYS_SEARCH_USER_PATHS = NO;
				CLANG_CXX_LANGUAGE_STANDARD = "gnu++0x";
				CLANG_CXX_LIBRARY = "libc++";
				CLANG_ENABLE_MODULES = YES;
				CLANG_ENABLE_OBJC_ARC = YES;
				CLANG_WARN_BOOL_CONVERSION = YES;
				CLANG_WARN_CONSTANT_CONVERSION = YES;
				CLANG_WARN_DIRECT_OBJC_ISA_USAGE = YES_ERROR;
				CLANG_WARN_EMPTY_BODY = YES;
				CLANG_WARN_ENUM_CONVERSION = YES;
				CLANG_WARN_INT_CONVERSION = YES;
				CLANG_WARN_OBJC_ROOT_CLASS = YES_ERROR;
				CLANG_WARN_UNREACHABLE_CODE = YES;
				CLANG_WARN__DUPLICATE_METHOD_MATCH = YES;
				"CODE_SIGN_IDENTITY[sdk=iphoneos*]" = "iPhone Developer";
				COPY_PHASE_STRIP = NO;
				DEBUG_INFORMATION_FORMAT = dwarf;
				ENABLE_STRICT_OBJC_MSGSEND = YES;
				ENABLE_TESTABILITY = YES;
				GCC_C_LANGUAGE_STANDARD = gnu99;
				GCC_DYNAMIC_NO_PIC = NO;
				GCC_NO_COMMON_BLOCKS = YES;
				GCC_OPTIMIZATION_LEVEL = 0;
				GCC_PREPROCESSOR_DEFINITIONS = (
					"DEBUG=1",
					"$(inherited)",
				);
				GCC_WARN_64_TO_32_BIT_CONVERSION = YES;
				GCC_WARN_ABOUT_RETURN_TYPE = YES_ERROR;
				GCC_WARN_UNDECLARED_SELECTOR = YES;
				GCC_WARN_UNINITIALIZED_AUTOS = YES_AGGRESSIVE;
				GCC_WARN_UNUSED_FUNCTION = YES;
				GCC_WARN_UNUSED_VARIABLE = YES;
				IPHONEOS_DEPLOYMENT_TARGET = 9.1;
				MTL_ENABLE_DEBUG_INFO = YES;
				ONLY_ACTIVE_ARCH = YES;
				SDKROOT = iphoneos;
			};
			name = Debug;
		};
		307694B51C0CF4AF00F69CAB /* Release */ = {
			isa = XCBuildConfiguration;
			buildSettings = {
				ALWAYS_SEARCH_USER_PATHS = NO;
				CLANG_CXX_LANGUAGE_STANDARD = "gnu++0x";
				CLANG_CXX_LIBRARY = "libc++";
				CLANG_ENABLE_MODULES = YES;
				CLANG_ENABLE_OBJC_ARC = YES;
				CLANG_WARN_BOOL_CONVERSION = YES;
				CLANG_WARN_CONSTANT_CONVERSION = YES;
				CLANG_WARN_DIRECT_OBJC_ISA_USAGE = YES_ERROR;
				CLANG_WARN_EMPTY_BODY = YES;
				CLANG_WARN_ENUM_CONVERSION = YES;
				CLANG_WARN_INT_CONVERSION = YES;
				CLANG_WARN_OBJC_ROOT_CLASS = YES_ERROR;
				CLANG_WARN_UNREACHABLE_CODE = YES;
				CLANG_WARN__DUPLICATE_METHOD_MATCH = YES;
				"CODE_SIGN_IDENTITY[sdk=iphoneos*]" = "iPhone Developer";
				COPY_PHASE_STRIP = NO;
				DEBUG_INFORMATION_FORMAT = "dwarf-with-dsym";
				ENABLE_NS_ASSERTIONS = NO;
				ENABLE_STRICT_OBJC_MSGSEND = YES;
				GCC_C_LANGUAGE_STANDARD = gnu99;
				GCC_NO_COMMON_BLOCKS = YES;
				GCC_WARN_64_TO_32_BIT_CONVERSION = YES;
				GCC_WARN_ABOUT_RETURN_TYPE = YES_ERROR;
				GCC_WARN_UNDECLARED_SELECTOR = YES;
				GCC_WARN_UNINITIALIZED_AUTOS = YES_AGGRESSIVE;
				GCC_WARN_UNUSED_FUNCTION = YES;
				GCC_WARN_UNUSED_VARIABLE = YES;
				IPHONEOS_DEPLOYMENT_TARGET = 9.1;
				MTL_ENABLE_DEBUG_INFO = NO;
				SDKROOT = iphoneos;
				VALIDATE_PRODUCT = YES;
			};
			name = Release;
		};
		307694B71C0CF4AF00F69CAB /* Debug */ = {
			isa = XCBuildConfiguration;
			buildSettings = {
				ASSETCATALOG_COMPILER_APPICON_NAME = AppIcon;
				INFOPLIST_FILE = GetaRoom/Info.plist;
				LD_RUNPATH_SEARCH_PATHS = "$(inherited) @executable_path/Frameworks";
				PRODUCT_BUNDLE_IDENTIFIER = com.romansalazar.GetaRoom;
				PRODUCT_NAME = "$(TARGET_NAME)";
			};
			name = Debug;
		};
		307694B81C0CF4AF00F69CAB /* Release */ = {
			isa = XCBuildConfiguration;
			buildSettings = {
				ASSETCATALOG_COMPILER_APPICON_NAME = AppIcon;
				INFOPLIST_FILE = GetaRoom/Info.plist;
				LD_RUNPATH_SEARCH_PATHS = "$(inherited) @executable_path/Frameworks";
				PRODUCT_BUNDLE_IDENTIFIER = com.romansalazar.GetaRoom;
				PRODUCT_NAME = "$(TARGET_NAME)";
			};
			name = Release;
		};
/* End XCBuildConfiguration section */

/* Begin XCConfigurationList section */
		307694971C0CF4AF00F69CAB /* Build configuration list for PBXProject "GetaRoom" */ = {
			isa = XCConfigurationList;
			buildConfigurations = (
				307694B41C0CF4AF00F69CAB /* Debug */,
				307694B51C0CF4AF00F69CAB /* Release */,
			);
			defaultConfigurationIsVisible = 0;
			defaultConfigurationName = Release;
		};
		307694B61C0CF4AF00F69CAB /* Build configuration list for PBXNativeTarget "GetaRoom" */ = {
			isa = XCConfigurationList;
			buildConfigurations = (
				307694B71C0CF4AF00F69CAB /* Debug */,
				307694B81C0CF4AF00F69CAB /* Release */,
			);
			defaultConfigurationIsVisible = 0;
		};
/* End XCConfigurationList section */

/* Begin XCVersionGroup section */
		307694AB1C0CF4AF00F69CAB /* GetaRoom.xcdatamodeld */ = {
			isa = XCVersionGroup;
			children = (
				307694AC1C0CF4AF00F69CAB /* GetaRoom.xcdatamodel */,
			);
			currentVersion = 307694AC1C0CF4AF00F69CAB /* GetaRoom.xcdatamodel */;
			path = GetaRoom.xcdatamodeld;
			sourceTree = "<group>";
			versionGroupType = wrapper.xcdatamodel;
		};
/* End XCVersionGroup section */
	};
	rootObject = 307694941C0CF4AF00F69CAB /* Project object */;
}
